<?xml version="1.0" encoding="utf-8"?>
<Project ToolsVersion="4.0" xmlns="http://schemas.microsoft.com/developer/msbuild/2003">
  <ItemGroup>
    <Filter Include="Source Files">
      <UniqueIdentifier>{4FC737F1-C7A5-4376-A066-2A32D752A2FF}</UniqueIdentifier>
      <Extensions>cpp;c;cc;cxx;def;odl;idl;hpj;bat;asm;asmx</Extensions>
    </Filter>
    <Filter Include="Header Files">
      <UniqueIdentifier>{93995380-89BD-4b04-88EB-625FBE52EBFB}</UniqueIdentifier>
      <Extensions>h;hh;hpp;hxx;hm;inl;inc;xsd</Extensions>
    </Filter>
    <Filter Include="Resource Files">
      <UniqueIdentifier>{67DA6AB6-F800-4c08-8B7A-83BB121AAD01}</UniqueIdentifier>
      <Extensions>rc;ico;cur;bmp;dlg;rc2;rct;bin;rgs;gif;jpg;jpeg;jpe;resx;tiff;tif;png;wav;mfcribbon-ms</Extensions>
    </Filter>
    <Filter Include="GamePlay">
      <UniqueIdentifier>{c58d1297-755a-4065-be9e-e81f0a2459d7}</UniqueIdentifier>
    </Filter>
  </ItemGroup>
  <ItemGroup>
    <ClCompile Include="CameraControllerInfo.cpp">
      <Filter>Source Files</Filter>
    </ClCompile>
    <ClCompile Include="Enemy.cpp">
      <Filter>Source Files</Filter>
    </ClCompile>
    <ClCompile Include="EnemyMovingController.cpp">
      <Filter>Source Files</Filter>
    </ClCompile>
    <ClCompile Include="Game.cpp">
      <Filter>Source Files</Filter>
    </ClCompile>
    <ClCompile Include="GameInfo.cpp">
      <Filter>Source Files</Filter>
    </ClCompile>
    <ClCompile Include="Hud.cpp">
      <Filter>Source Files</Filter>
    </ClCompile>
    <ClCompile Include="HudInfo.cpp">
      <Filter>Source Files</Filter>
    </ClCompile>
    <ClCompile Include="Info.cpp">
      <Filter>Source Files</Filter>
    </ClCompile>
    <ClCompile Include="InitException.cpp">
      <Filter>Source Files</Filter>
    </ClCompile>
    <ClCompile Include="Level.cpp">
      <Filter>Source Files</Filter>
    </ClCompile>
    <ClCompile Include="LevelInfo.cpp">
      <Filter>Source Files</Filter>
    </ClCompile>
    <ClCompile Include="LogoScreen.cpp">
      <Filter>Source Files</Filter>
    </ClCompile>
    <ClCompile Include="LogoScreenInfo.cpp">
      <Filter>Source Files</Filter>
    </ClCompile>
    <ClCompile Include="main.cpp">
      <Filter>Source Files</Filter>
    </ClCompile>
    <ClCompile Include="Map.cpp">
      <Filter>Source Files</Filter>
    </ClCompile>
    <ClCompile Include="Menu.cpp">
      <Filter>Source Files</Filter>
    </ClCompile>
    <ClCompile Include="MenuInfo.cpp">
      <Filter>Source Files</Filter>
    </ClCompile>
    <ClCompile Include="Moving.cpp">
      <Filter>Source Files</Filter>
    </ClCompile>
    <ClCompile Include="MovingController.cpp">
      <Filter>Source Files</Filter>
    </ClCompile>
    <ClCompile Include="Player.cpp">
      <Filter>Source Files</Filter>
    </ClCompile>
    <ClCompile Include="PlayerMovingController.cpp">
      <Filter>Source Files</Filter>
    </ClCompile>
    <ClCompile Include="Random.cpp">
      <Filter>Source Files</Filter>
    </ClCompile>
    <ClCompile Include="RandomMovableController.cpp">
      <Filter>Source Files</Filter>
    </ClCompile>
    <ClCompile Include="Sound.cpp">
      <Filter>Source Files</Filter>
    </ClCompile>
    <ClCompile Include="Stage.cpp">
      <Filter>Source Files</Filter>
    </ClCompile>
    <ClCompile Include="StageInfo.cpp">
      <Filter>Source Files</Filter>
    </ClCompile>
    <ClCompile Include="VirtualXmlReader.cpp">
      <Filter>Source Files</Filter>
    </ClCompile>
    <ClCompile Include="WalkingMovableController.cpp">
      <Filter>Source Files</Filter>
    </ClCompile>
    <ClCompile Include="XmlReader.cpp">
      <Filter>Source Files</Filter>
    </ClCompile>
    <ClCompile Include="GamePlay\BadFaerie.cpp">
      <Filter>GamePlay</Filter>
    </ClCompile>
    <ClCompile Include="GamePlay\BadNinja.cpp">
      <Filter>GamePlay</Filter>
    </ClCompile>
    <ClCompile Include="GamePlay\Camera.cpp">
      <Filter>GamePlay</Filter>
    </ClCompile>
    <ClCompile Include="GamePlay\Coin.cpp">
      <Filter>GamePlay</Filter>
    </ClCompile>
    <ClCompile Include="GamePlay\Enemy.cpp">
      <Filter>GamePlay</Filter>
    </ClCompile>
    <ClCompile Include="GamePlay\EventReciever.cpp">
      <Filter>GamePlay</Filter>
    </ClCompile>
    <ClCompile Include="GamePlay\Game.cpp">
      <Filter>GamePlay</Filter>
    </ClCompile>
    <ClCompile Include="GamePlay\GameHud.cpp">
      <Filter>GamePlay</Filter>
    </ClCompile>
    <ClCompile Include="GamePlay\GameObject.cpp">
      <Filter>GamePlay</Filter>
    </ClCompile>
    <ClCompile Include="GamePlay\HealthPickup.cpp">
      <Filter>GamePlay</Filter>
    </ClCompile>
    <ClCompile Include="GamePlay\Monster.cpp">
      <Filter>GamePlay</Filter>
    </ClCompile>
    <ClCompile Include="GamePlay\Player.cpp">
      <Filter>GamePlay</Filter>
    </ClCompile>
    <ClCompile Include="GamePlay\PowerBall.cpp">
      <Filter>GamePlay</Filter>
    </ClCompile>
    <ClCompile Include="GamePlay\PowerBallEnemy.cpp">
      <Filter>GamePlay</Filter>
    </ClCompile>
    <ClCompile Include="GamePlay\Skybox.cpp">
      <Filter>GamePlay</Filter>
    </ClCompile>
    <ClCompile Include="GamePlay\Terrain.cpp">
      <Filter>GamePlay</Filter>
    </ClCompile>
    <ClCompile Include="GamePlay\Wraith.cpp">
      <Filter>GamePlay</Filter>
    </ClCompile>
  </ItemGroup>
  <ItemGroup>
    <ClInclude Include="CameraControllerInfo.h">
      <Filter>Header Files</Filter>
    </ClInclude>
    <ClInclude Include="Direction.h">
      <Filter>Header Files</Filter>
    </ClInclude>
    <ClInclude Include="Enemy.h">
      <Filter>Header Files</Filter>
    </ClInclude>
    <ClInclude Include="EnemyMovingController.h">
      <Filter>Header Files</Filter>
    </ClInclude>
    <ClInclude Include="Game.h">
      <Filter>Header Files</Filter>
    </ClInclude>
    <ClInclude Include="GameEvent.h">
      <Filter>Header Files</Filter>
    </ClInclude>
    <ClInclude Include="GameInfo.h">
      <Filter>Header Files</Filter>
    </ClInclude>
    <ClInclude Include="Hud.h">
      <Filter>Header Files</Filter>
    </ClInclude>
    <ClInclude Include="HudInfo.h">
      <Filter>Header Files</Filter>
    </ClInclude>
    <ClInclude Include="IConfigReader.h">
      <Filter>Header Files</Filter>
    </ClInclude>
    <ClInclude Include="IController.h">
      <Filter>Header Files</Filter>
    </ClInclude>
    <ClInclude Include="Info.h">
      <Filter>Header Files</Filter>
    </ClInclude>
    <ClInclude Include="InitException.h">
      <Filter>Header Files</Filter>
    </ClInclude>
    <ClInclude Include="Level.h">
      <Filter>Header Files</Filter>
    </ClInclude>
    <ClInclude Include="LevelInfo.h">
      <Filter>Header Files</Filter>
    </ClInclude>
    <ClInclude Include="LogoScreen.h">
      <Filter>Header Files</Filter>
    </ClInclude>
    <ClInclude Include="LogoScreenInfo.h">
      <Filter>Header Files</Filter>
    </ClInclude>
    <ClInclude Include="Map.h">
      <Filter>Header Files</Filter>
    </ClInclude>
    <ClInclude Include="Menu.h">
      <Filter>Header Files</Filter>
    </ClInclude>
    <ClInclude Include="MenuInfo.h">
      <Filter>Header Files</Filter>
    </ClInclude>
    <ClInclude Include="Moving.h">
      <Filter>Header Files</Filter>
    </ClInclude>
    <ClInclude Include="MovingController.h">
      <Filter>Header Files</Filter>
    </ClInclude>
    <ClInclude Include="MovingControllerType.h">
      <Filter>Header Files</Filter>
    </ClInclude>
    <ClInclude Include="Player.h">
      <Filter>Header Files</Filter>
    </ClInclude>
    <ClInclude Include="PlayerMovingController.h">
      <Filter>Header Files</Filter>
    </ClInclude>
    <ClInclude Include="Random.h">
      <Filter>Header Files</Filter>
    </ClInclude>
    <ClInclude Include="RandomMovableController.h">
      <Filter>Header Files</Filter>
    </ClInclude>
    <ClInclude Include="Sound.h">
      <Filter>Header Files</Filter>
    </ClInclude>
    <ClInclude Include="Stage.h">
      <Filter>Header Files</Filter>
    </ClInclude>
    <ClInclude Include="StageConfig.h">
      <Filter>Header Files</Filter>
    </ClInclude>
    <ClInclude Include="StageInfo.h">
      <Filter>Header Files</Filter>
    </ClInclude>
    <ClInclude Include="StageType.h">
      <Filter>Header Files</Filter>
    </ClInclude>
    <ClInclude Include="VirtualXmlReader.h">
      <Filter>Header Files</Filter>
    </ClInclude>
    <ClInclude Include="WalkingMovableController.h">
      <Filter>Header Files</Filter>
    </ClInclude>
    <ClInclude Include="XmlReader.h">
      <Filter>Header Files</Filter>
    </ClInclude>
    <ClInclude Include="GamePlay\BadFaerie.h">
      <Filter>GamePlay</Filter>
    </ClInclude>
    <ClInclude Include="GamePlay\BadNinja.h">
      <Filter>GamePlay</Filter>
    </ClInclude>
    <ClInclude Include="GamePlay\Camera.h">
      <Filter>GamePlay</Filter>
    </ClInclude>
    <ClInclude Include="GamePlay\Coin.h">
      <Filter>GamePlay</Filter>
    </ClInclude>
    <ClInclude Include="GamePlay\Enemy.h">
      <Filter>GamePlay</Filter>
    </ClInclude>
    <ClInclude Include="GamePlay\EventReciever.h">
      <Filter>GamePlay</Filter>
    </ClInclude>
    <ClInclude Include="GamePlay\Game.h">
      <Filter>GamePlay</Filter>
    </ClInclude>
    <ClInclude Include="GamePlay\GameHud.h">
      <Filter>GamePlay</Filter>
    </ClInclude>
    <ClInclude Include="GamePlay\GameObject.h">
      <Filter>GamePlay</Filter>
    </ClInclude>
    <ClInclude Include="GamePlay\HealthPickup.h">
      <Filter>GamePlay</Filter>
    </ClInclude>
    <ClInclude Include="GamePlay\Monster.h">
      <Filter>GamePlay</Filter>
    </ClInclude>
    <ClInclude Include="GamePlay\Player.h">
      <Filter>GamePlay</Filter>
    </ClInclude>
    <ClInclude Include="GamePlay\PowerBall.h">
      <Filter>GamePlay</Filter>
    </ClInclude>
    <ClInclude Include="GamePlay\PowerBallEnemy.h">
      <Filter>GamePlay</Filter>
    </ClInclude>
    <ClInclude Include="GamePlay\Skybox.h">
      <Filter>GamePlay</Filter>
    </ClInclude>
    <ClInclude Include="GamePlay\Terrain.h">
      <Filter>GamePlay</Filter>
    </ClInclude>
    <ClInclude Include="GamePlay\Wraith.h">
      <Filter>GamePlay</Filter>
    </ClInclude>
  </ItemGroup>
  <ItemGroup>
    <Xml Include="..\info.xml">
      <Filter>Source Files</Filter>
    </Xml>
    <Xml Include="..\Media\LogoScreens\splash.xml">
      <Filter>Source Files</Filter>
    </Xml>
    <Xml Include="..\Media\Levels\default.xml">
      <Filter>Source Files</Filter>
    </Xml>
  </ItemGroup>
</Project>